// !$*UTF8*$!
{
	archiveVersion = 1;
	classes = {
	};
	objectVersion = 50;
	objects = {

/* Begin PBXBuildFile section */
		B944DB718FAEECB5AAA9750C /* libPods-ColaNotes.a in Frameworks */ = {isa = PBXBuildFile; fileRef = 333D995A4510F15D0929EC2C /* libPods-ColaNotes.a */; };
		FA0449BC21476021009486A2 /* ColaScanView.m in Sources */ = {isa = PBXBuildFile; fileRef = FA0449BB21476021009486A2 /* ColaScanView.m */; };
		FA10177321364516006AC1D7 /* Cola1stViewController.m in Sources */ = {isa = PBXBuildFile; fileRef = FA10177221364516006AC1D7 /* Cola1stViewController.m */; };
		FA10177621364521006AC1D7 /* Cola2ndViewController.m in Sources */ = {isa = PBXBuildFile; fileRef = FA10177521364521006AC1D7 /* Cola2ndViewController.m */; };
		FA1017792136452D006AC1D7 /* Cola3rdViewController.m in Sources */ = {isa = PBXBuildFile; fileRef = FA1017782136452D006AC1D7 /* Cola3rdViewController.m */; };
		FA10177C21364538006AC1D7 /* Cola4urViewController.m in Sources */ = {isa = PBXBuildFile; fileRef = FA10177B21364538006AC1D7 /* Cola4urViewController.m */; };
		FA10177F21364543006AC1D7 /* Cola5veViewController.m in Sources */ = {isa = PBXBuildFile; fileRef = FA10177E21364543006AC1D7 /* Cola5veViewController.m */; };
		FA10178621367FF2006AC1D7 /* UIImage+Category.m in Sources */ = {isa = PBXBuildFile; fileRef = FA10178521367FF2006AC1D7 /* UIImage+Category.m */; };
		FA10178921368941006AC1D7 /* UILabel+Category.m in Sources */ = {isa = PBXBuildFile; fileRef = FA10178821368941006AC1D7 /* UILabel+Category.m */; };
		FA10178C21368CD7006AC1D7 /* NSString+Category.m in Sources */ = {isa = PBXBuildFile; fileRef = FA10178B21368CD7006AC1D7 /* NSString+Category.m */; };
		FA10178F21369947006AC1D7 /* ColaTabViewController.m in Sources */ = {isa = PBXBuildFile; fileRef = FA10178E21369947006AC1D7 /* ColaTabViewController.m */; };
		FA45DD23213CE0BE00BC0954 /* ColaSnowViewController.m in Sources */ = {isa = PBXBuildFile; fileRef = FA45DD22213CE0BE00BC0954 /* ColaSnowViewController.m */; };
		FA45DD26213CE3B000BC0954 /* ColaSnowView.m in Sources */ = {isa = PBXBuildFile; fileRef = FA45DD25213CE3B000BC0954 /* ColaSnowView.m */; };
		FA45DD29213CE88900BC0954 /* Cola4urModel.m in Sources */ = {isa = PBXBuildFile; fileRef = FA45DD28213CE88900BC0954 /* Cola4urModel.m */; };
		FA45DD2C213D0C7500BC0954 /* Cola4urCell.m in Sources */ = {isa = PBXBuildFile; fileRef = FA45DD2B213D0C7500BC0954 /* Cola4urCell.m */; };
		FA45DD30213D160A00BC0954 /* ColaAlbumViewController.m in Sources */ = {isa = PBXBuildFile; fileRef = FA45DD2F213D160A00BC0954 /* ColaAlbumViewController.m */; };
		FA4E3F38212C157E0033ABF8 /* AppDelegate.m in Sources */ = {isa = PBXBuildFile; fileRef = FA4E3F33212C157E0033ABF8 /* AppDelegate.m */; };
		FA4E3F40212C15BD0033ABF8 /* Assets.xcassets in Resources */ = {isa = PBXBuildFile; fileRef = FA4E3F3B212C15BD0033ABF8 /* Assets.xcassets */; };
		FA4E3F42212C15BD0033ABF8 /* main.m in Sources */ = {isa = PBXBuildFile; fileRef = FA4E3F3E212C15BD0033ABF8 /* main.m */; };
		FA4E3F46212C17AF0033ABF8 /* ColaBaseViewController.m in Sources */ = {isa = PBXBuildFile; fileRef = FA4E3F45212C17AF0033ABF8 /* ColaBaseViewController.m */; };
		FA4E3F49212C17C60033ABF8 /* ColaNavBaseViewController.m in Sources */ = {isa = PBXBuildFile; fileRef = FA4E3F48212C17C60033ABF8 /* ColaNavBaseViewController.m */; };
		FA737956213E69F40029EEFC /* ColaAlert.m in Sources */ = {isa = PBXBuildFile; fileRef = FA737955213E69F40029EEFC /* ColaAlert.m */; };
		FA8B98DC214646DC0076E8F6 /* Cola1stCell.m in Sources */ = {isa = PBXBuildFile; fileRef = FA8B98DB214646DC0076E8F6 /* Cola1stCell.m */; };
		FA8B98E7214665650076E8F6 /* ColaScanViewController.m in Sources */ = {isa = PBXBuildFile; fileRef = FA8B98E6214665650076E8F6 /* ColaScanViewController.m */; };
		FA9813A521391FE4000ACB87 /* ColaBaseModel.m in Sources */ = {isa = PBXBuildFile; fileRef = FA9813A421391FE4000ACB87 /* ColaBaseModel.m */; };
		FA9813AA21392511000ACB87 /* ColaDeviceInfo.m in Sources */ = {isa = PBXBuildFile; fileRef = FA9813A921392511000ACB87 /* ColaDeviceInfo.m */; };
		FA9813AE213939E4000ACB87 /* Cola5veCell.m in Sources */ = {isa = PBXBuildFile; fileRef = FA9813AD213939E4000ACB87 /* Cola5veCell.m */; };
		FA9813B121393AA1000ACB87 /* Cola5veModel.m in Sources */ = {isa = PBXBuildFile; fileRef = FA9813B021393AA1000ACB87 /* Cola5veModel.m */; };
		FA9813B5213940BA000ACB87 /* ColaDeviceInfoViewController.m in Sources */ = {isa = PBXBuildFile; fileRef = FA9813B4213940BA000ACB87 /* ColaDeviceInfoViewController.m */; };
		FA9813B8213940DA000ACB87 /* ColaDeviceInfoCell.m in Sources */ = {isa = PBXBuildFile; fileRef = FA9813B7213940DA000ACB87 /* ColaDeviceInfoCell.m */; };
		FA9813BB2139410E000ACB87 /* ColaDeviceInfoModel.m in Sources */ = {isa = PBXBuildFile; fileRef = FA9813BA2139410E000ACB87 /* ColaDeviceInfoModel.m */; };
		FA9813BF2139594D000ACB87 /* ColaBombViewController.m in Sources */ = {isa = PBXBuildFile; fileRef = FA9813BE2139594D000ACB87 /* ColaBombViewController.m */; };
		FA9813C121396135000ACB87 /* ColaBombImages.bundle in Resources */ = {isa = PBXBuildFile; fileRef = FA9813C021396135000ACB87 /* ColaBombImages.bundle */; };
		FA9813C421396256000ACB87 /* ColaBombImageView.m in Sources */ = {isa = PBXBuildFile; fileRef = FA9813C321396256000ACB87 /* ColaBombImageView.m */; };
		FA9813C7213967FB000ACB87 /* UIImageView+Bomb.m in Sources */ = {isa = PBXBuildFile; fileRef = FA9813C6213967FB000ACB87 /* UIImageView+Bomb.m */; };
		FAA5EADC21379BC600FDACA5 /* UIButton+Position.m in Sources */ = {isa = PBXBuildFile; fileRef = FAA5EADB21379BC600FDACA5 /* UIButton+Position.m */; };
		FAA5EADF21379F5E00FDACA5 /* UIButton+Category.m in Sources */ = {isa = PBXBuildFile; fileRef = FAA5EADE21379F5E00FDACA5 /* UIButton+Category.m */; };
		FAA5EAE2213802BE00FDACA5 /* ColaBaseTableViewController.m in Sources */ = {isa = PBXBuildFile; fileRef = FAA5EAE1213802BD00FDACA5 /* ColaBaseTableViewController.m */; };
		FAA5EAE5213802D300FDACA5 /* ColaBaseTableViewCell.m in Sources */ = {isa = PBXBuildFile; fileRef = FAA5EAE4213802D300FDACA5 /* ColaBaseTableViewCell.m */; };
		FAB2890D215E23700040D3A5 /* ColaArrayViewController.m in Sources */ = {isa = PBXBuildFile; fileRef = FAB2890C215E23700040D3A5 /* ColaArrayViewController.m */; };
		FAD2A5982138DDF30090EF1E /* ColaTableHeadRefresh.m in Sources */ = {isa = PBXBuildFile; fileRef = FAD2A5972138DDF30090EF1E /* ColaTableHeadRefresh.m */; };
		FAD2A59B2138DE070090EF1E /* ColaTableFootMore.m in Sources */ = {isa = PBXBuildFile; fileRef = FAD2A59A2138DE070090EF1E /* ColaTableFootMore.m */; };
		FAD2A59E2138E46B0090EF1E /* UIView+Category.m in Sources */ = {isa = PBXBuildFile; fileRef = FAD2A59D2138E46B0090EF1E /* UIView+Category.m */; };
		FAD2A5A82138EE390090EF1E /* ColaRefreshImages.bundle in Resources */ = {isa = PBXBuildFile; fileRef = FAD2A5A72138EE390090EF1E /* ColaRefreshImages.bundle */; };
/* End PBXBuildFile section */

/* Begin PBXFileReference section */
		333D995A4510F15D0929EC2C /* libPods-ColaNotes.a */ = {isa = PBXFileReference; explicitFileType = archive.ar; includeInIndex = 0; path = "libPods-ColaNotes.a"; sourceTree = BUILT_PRODUCTS_DIR; };
		5FD34AB24F82EB664CD29D4B /* Pods-ColaNotes.debug.xcconfig */ = {isa = PBXFileReference; includeInIndex = 1; lastKnownFileType = text.xcconfig; name = "Pods-ColaNotes.debug.xcconfig"; path = "Pods/Target Support Files/Pods-ColaNotes/Pods-ColaNotes.debug.xcconfig"; sourceTree = "<group>"; };
		C91358272DA008B8884F3654 /* Pods-ColaNotes.release.xcconfig */ = {isa = PBXFileReference; includeInIndex = 1; lastKnownFileType = text.xcconfig; name = "Pods-ColaNotes.release.xcconfig"; path = "Pods/Target Support Files/Pods-ColaNotes/Pods-ColaNotes.release.xcconfig"; sourceTree = "<group>"; };
		FA0449BA21476021009486A2 /* ColaScanView.h */ = {isa = PBXFileReference; lastKnownFileType = sourcecode.c.h; path = ColaScanView.h; sourceTree = "<group>"; };
		FA0449BB21476021009486A2 /* ColaScanView.m */ = {isa = PBXFileReference; lastKnownFileType = sourcecode.c.objc; path = ColaScanView.m; sourceTree = "<group>"; };
		FA10177121364516006AC1D7 /* Cola1stViewController.h */ = {isa = PBXFileReference; lastKnownFileType = sourcecode.c.h; path = Cola1stViewController.h; sourceTree = "<group>"; };
		FA10177221364516006AC1D7 /* Cola1stViewController.m */ = {isa = PBXFileReference; lastKnownFileType = sourcecode.c.objc; path = Cola1stViewController.m; sourceTree = "<group>"; };
		FA10177421364521006AC1D7 /* Cola2ndViewController.h */ = {isa = PBXFileReference; lastKnownFileType = sourcecode.c.h; path = Cola2ndViewController.h; sourceTree = "<group>"; };
		FA10177521364521006AC1D7 /* Cola2ndViewController.m */ = {isa = PBXFileReference; lastKnownFileType = sourcecode.c.objc; path = Cola2ndViewController.m; sourceTree = "<group>"; };
		FA1017772136452D006AC1D7 /* Cola3rdViewController.h */ = {isa = PBXFileReference; lastKnownFileType = sourcecode.c.h; path = Cola3rdViewController.h; sourceTree = "<group>"; };
		FA1017782136452D006AC1D7 /* Cola3rdViewController.m */ = {isa = PBXFileReference; lastKnownFileType = sourcecode.c.objc; path = Cola3rdViewController.m; sourceTree = "<group>"; };
		FA10177A21364538006AC1D7 /* Cola4urViewController.h */ = {isa = PBXFileReference; lastKnownFileType = sourcecode.c.h; path = Cola4urViewController.h; sourceTree = "<group>"; };
		FA10177B21364538006AC1D7 /* Cola4urViewController.m */ = {isa = PBXFileReference; lastKnownFileType = sourcecode.c.objc; path = Cola4urViewController.m; sourceTree = "<group>"; };
		FA10177D21364543006AC1D7 /* Cola5veViewController.h */ = {isa = PBXFileReference; lastKnownFileType = sourcecode.c.h; path = Cola5veViewController.h; sourceTree = "<group>"; };
		FA10177E21364543006AC1D7 /* Cola5veViewController.m */ = {isa = PBXFileReference; lastKnownFileType = sourcecode.c.objc; path = Cola5veViewController.m; sourceTree = "<group>"; };
		FA10178021366E1E006AC1D7 /* ColaBaseConfig.h */ = {isa = PBXFileReference; lastKnownFileType = sourcecode.c.h; path = ColaBaseConfig.h; sourceTree = "<group>"; };
		FA10178421367FF2006AC1D7 /* UIImage+Category.h */ = {isa = PBXFileReference; lastKnownFileType = sourcecode.c.h; path = "UIImage+Category.h"; sourceTree = "<group>"; };
		FA10178521367FF2006AC1D7 /* UIImage+Category.m */ = {isa = PBXFileReference; lastKnownFileType = sourcecode.c.objc; path = "UIImage+Category.m"; sourceTree = "<group>"; };
		FA10178721368941006AC1D7 /* UILabel+Category.h */ = {isa = PBXFileReference; lastKnownFileType = sourcecode.c.h; path = "UILabel+Category.h"; sourceTree = "<group>"; };
		FA10178821368941006AC1D7 /* UILabel+Category.m */ = {isa = PBXFileReference; lastKnownFileType = sourcecode.c.objc; path = "UILabel+Category.m"; sourceTree = "<group>"; };
		FA10178A21368CD7006AC1D7 /* NSString+Category.h */ = {isa = PBXFileReference; lastKnownFileType = sourcecode.c.h; path = "NSString+Category.h"; sourceTree = "<group>"; };
		FA10178B21368CD7006AC1D7 /* NSString+Category.m */ = {isa = PBXFileReference; lastKnownFileType = sourcecode.c.objc; path = "NSString+Category.m"; sourceTree = "<group>"; };
		FA10178D21369947006AC1D7 /* ColaTabViewController.h */ = {isa = PBXFileReference; lastKnownFileType = sourcecode.c.h; path = ColaTabViewController.h; sourceTree = "<group>"; };
		FA10178E21369947006AC1D7 /* ColaTabViewController.m */ = {isa = PBXFileReference; lastKnownFileType = sourcecode.c.objc; path = ColaTabViewController.m; sourceTree = "<group>"; };
		FA45DD21213CE0BE00BC0954 /* ColaSnowViewController.h */ = {isa = PBXFileReference; lastKnownFileType = sourcecode.c.h; path = ColaSnowViewController.h; sourceTree = "<group>"; };
		FA45DD22213CE0BE00BC0954 /* ColaSnowViewController.m */ = {isa = PBXFileReference; lastKnownFileType = sourcecode.c.objc; path = ColaSnowViewController.m; sourceTree = "<group>"; };
		FA45DD24213CE3B000BC0954 /* ColaSnowView.h */ = {isa = PBXFileReference; lastKnownFileType = sourcecode.c.h; path = ColaSnowView.h; sourceTree = "<group>"; };
		FA45DD25213CE3B000BC0954 /* ColaSnowView.m */ = {isa = PBXFileReference; lastKnownFileType = sourcecode.c.objc; path = ColaSnowView.m; sourceTree = "<group>"; };
		FA45DD27213CE88900BC0954 /* Cola4urModel.h */ = {isa = PBXFileReference; lastKnownFileType = sourcecode.c.h; path = Cola4urModel.h; sourceTree = "<group>"; };
		FA45DD28213CE88900BC0954 /* Cola4urModel.m */ = {isa = PBXFileReference; lastKnownFileType = sourcecode.c.objc; path = Cola4urModel.m; sourceTree = "<group>"; };
		FA45DD2A213D0C7500BC0954 /* Cola4urCell.h */ = {isa = PBXFileReference; lastKnownFileType = sourcecode.c.h; path = Cola4urCell.h; sourceTree = "<group>"; };
		FA45DD2B213D0C7500BC0954 /* Cola4urCell.m */ = {isa = PBXFileReference; lastKnownFileType = sourcecode.c.objc; path = Cola4urCell.m; sourceTree = "<group>"; };
		FA45DD2E213D160A00BC0954 /* ColaAlbumViewController.h */ = {isa = PBXFileReference; lastKnownFileType = sourcecode.c.h; path = ColaAlbumViewController.h; sourceTree = "<group>"; };
		FA45DD2F213D160A00BC0954 /* ColaAlbumViewController.m */ = {isa = PBXFileReference; lastKnownFileType = sourcecode.c.objc; path = ColaAlbumViewController.m; sourceTree = "<group>"; };
		FA4E3F1A212C11180033ABF8 /* ColaNotes.app */ = {isa = PBXFileReference; explicitFileType = wrapper.application; includeInIndex = 0; path = ColaNotes.app; sourceTree = BUILT_PRODUCTS_DIR; };
		FA4E3F2E212C157E0033ABF8 /* AppDelegate.h */ = {isa = PBXFileReference; fileEncoding = 4; lastKnownFileType = sourcecode.c.h; path = AppDelegate.h; sourceTree = "<group>"; };
		FA4E3F33212C157E0033ABF8 /* AppDelegate.m */ = {isa = PBXFileReference; fileEncoding = 4; lastKnownFileType = sourcecode.c.objc; path = AppDelegate.m; sourceTree = "<group>"; };
		FA4E3F3B212C15BD0033ABF8 /* Assets.xcassets */ = {isa = PBXFileReference; lastKnownFileType = folder.assetcatalog; path = Assets.xcassets; sourceTree = "<group>"; };
		FA4E3F3E212C15BD0033ABF8 /* main.m */ = {isa = PBXFileReference; fileEncoding = 4; lastKnownFileType = sourcecode.c.objc; path = main.m; sourceTree = "<group>"; };
		FA4E3F3F212C15BD0033ABF8 /* Info.plist */ = {isa = PBXFileReference; fileEncoding = 4; lastKnownFileType = text.plist.xml; path = Info.plist; sourceTree = "<group>"; };
		FA4E3F44212C17AF0033ABF8 /* ColaBaseViewController.h */ = {isa = PBXFileReference; lastKnownFileType = sourcecode.c.h; path = ColaBaseViewController.h; sourceTree = "<group>"; };
		FA4E3F45212C17AF0033ABF8 /* ColaBaseViewController.m */ = {isa = PBXFileReference; lastKnownFileType = sourcecode.c.objc; path = ColaBaseViewController.m; sourceTree = "<group>"; };
		FA4E3F47212C17C60033ABF8 /* ColaNavBaseViewController.h */ = {isa = PBXFileReference; lastKnownFileType = sourcecode.c.h; path = ColaNavBaseViewController.h; sourceTree = "<group>"; };
		FA4E3F48212C17C60033ABF8 /* ColaNavBaseViewController.m */ = {isa = PBXFileReference; lastKnownFileType = sourcecode.c.objc; path = ColaNavBaseViewController.m; sourceTree = "<group>"; };
		FA737954213E69F40029EEFC /* ColaAlert.h */ = {isa = PBXFileReference; fileEncoding = 4; lastKnownFileType = sourcecode.c.h; path = ColaAlert.h; sourceTree = "<group>"; };
		FA737955213E69F40029EEFC /* ColaAlert.m */ = {isa = PBXFileReference; fileEncoding = 4; lastKnownFileType = sourcecode.c.objc; path = ColaAlert.m; sourceTree = "<group>"; };
		FA8B98DA214646DC0076E8F6 /* Cola1stCell.h */ = {isa = PBXFileReference; lastKnownFileType = sourcecode.c.h; path = Cola1stCell.h; sourceTree = "<group>"; };
		FA8B98DB214646DC0076E8F6 /* Cola1stCell.m */ = {isa = PBXFileReference; lastKnownFileType = sourcecode.c.objc; path = Cola1stCell.m; sourceTree = "<group>"; };
		FA8B98E12146587E0076E8F6 /* ColaNotes.entitlements */ = {isa = PBXFileReference; lastKnownFileType = text.plist.entitlements; path = ColaNotes.entitlements; sourceTree = "<group>"; };
		FA8B98E2214658960076E8F6 /* CoreNFC.framework */ = {isa = PBXFileReference; lastKnownFileType = wrapper.framework; name = CoreNFC.framework; path = System/Library/Frameworks/CoreNFC.framework; sourceTree = SDKROOT; };
		FA8B98E5214665650076E8F6 /* ColaScanViewController.h */ = {isa = PBXFileReference; lastKnownFileType = sourcecode.c.h; path = ColaScanViewController.h; sourceTree = "<group>"; };
		FA8B98E6214665650076E8F6 /* ColaScanViewController.m */ = {isa = PBXFileReference; lastKnownFileType = sourcecode.c.objc; path = ColaScanViewController.m; sourceTree = "<group>"; };
		FA9813A321391FE4000ACB87 /* ColaBaseModel.h */ = {isa = PBXFileReference; lastKnownFileType = sourcecode.c.h; path = ColaBaseModel.h; sourceTree = "<group>"; };
		FA9813A421391FE4000ACB87 /* ColaBaseModel.m */ = {isa = PBXFileReference; lastKnownFileType = sourcecode.c.objc; path = ColaBaseModel.m; sourceTree = "<group>"; };
		FA9813A821392511000ACB87 /* ColaDeviceInfo.h */ = {isa = PBXFileReference; lastKnownFileType = sourcecode.c.h; path = ColaDeviceInfo.h; sourceTree = "<group>"; };
		FA9813A921392511000ACB87 /* ColaDeviceInfo.m */ = {isa = PBXFileReference; lastKnownFileType = sourcecode.c.objc; path = ColaDeviceInfo.m; sourceTree = "<group>"; };
		FA9813AB21392680000ACB87 /* ColaDeviceConst.h */ = {isa = PBXFileReference; lastKnownFileType = sourcecode.c.h; path = ColaDeviceConst.h; sourceTree = "<group>"; };
		FA9813AC213939E4000ACB87 /* Cola5veCell.h */ = {isa = PBXFileReference; lastKnownFileType = sourcecode.c.h; path = Cola5veCell.h; sourceTree = "<group>"; };
		FA9813AD213939E4000ACB87 /* Cola5veCell.m */ = {isa = PBXFileReference; lastKnownFileType = sourcecode.c.objc; path = Cola5veCell.m; sourceTree = "<group>"; };
		FA9813AF21393AA1000ACB87 /* Cola5veModel.h */ = {isa = PBXFileReference; lastKnownFileType = sourcecode.c.h; path = Cola5veModel.h; sourceTree = "<group>"; };
		FA9813B021393AA1000ACB87 /* Cola5veModel.m */ = {isa = PBXFileReference; lastKnownFileType = sourcecode.c.objc; path = Cola5veModel.m; sourceTree = "<group>"; };
		FA9813B3213940BA000ACB87 /* ColaDeviceInfoViewController.h */ = {isa = PBXFileReference; lastKnownFileType = sourcecode.c.h; path = ColaDeviceInfoViewController.h; sourceTree = "<group>"; };
		FA9813B4213940BA000ACB87 /* ColaDeviceInfoViewController.m */ = {isa = PBXFileReference; lastKnownFileType = sourcecode.c.objc; path = ColaDeviceInfoViewController.m; sourceTree = "<group>"; };
		FA9813B6213940DA000ACB87 /* ColaDeviceInfoCell.h */ = {isa = PBXFileReference; lastKnownFileType = sourcecode.c.h; path = ColaDeviceInfoCell.h; sourceTree = "<group>"; };
		FA9813B7213940DA000ACB87 /* ColaDeviceInfoCell.m */ = {isa = PBXFileReference; lastKnownFileType = sourcecode.c.objc; path = ColaDeviceInfoCell.m; sourceTree = "<group>"; };
		FA9813B92139410E000ACB87 /* ColaDeviceInfoModel.h */ = {isa = PBXFileReference; lastKnownFileType = sourcecode.c.h; path = ColaDeviceInfoModel.h; sourceTree = "<group>"; };
		FA9813BA2139410E000ACB87 /* ColaDeviceInfoModel.m */ = {isa = PBXFileReference; lastKnownFileType = sourcecode.c.objc; path = ColaDeviceInfoModel.m; sourceTree = "<group>"; };
		FA9813BD2139594D000ACB87 /* ColaBombViewController.h */ = {isa = PBXFileReference; lastKnownFileType = sourcecode.c.h; path = ColaBombViewController.h; sourceTree = "<group>"; };
		FA9813BE2139594D000ACB87 /* ColaBombViewController.m */ = {isa = PBXFileReference; lastKnownFileType = sourcecode.c.objc; path = ColaBombViewController.m; sourceTree = "<group>"; };
		FA9813C021396135000ACB87 /* ColaBombImages.bundle */ = {isa = PBXFileReference; lastKnownFileType = "wrapper.plug-in"; path = ColaBombImages.bundle; sourceTree = "<group>"; };
		FA9813C221396256000ACB87 /* ColaBombImageView.h */ = {isa = PBXFileReference; lastKnownFileType = sourcecode.c.h; path = ColaBombImageView.h; sourceTree = "<group>"; };
		FA9813C321396256000ACB87 /* ColaBombImageView.m */ = {isa = PBXFileReference; lastKnownFileType = sourcecode.c.objc; path = ColaBombImageView.m; sourceTree = "<group>"; };
		FA9813C5213967FB000ACB87 /* UIImageView+Bomb.h */ = {isa = PBXFileReference; lastKnownFileType = sourcecode.c.h; path = "UIImageView+Bomb.h"; sourceTree = "<group>"; };
		FA9813C6213967FB000ACB87 /* UIImageView+Bomb.m */ = {isa = PBXFileReference; lastKnownFileType = sourcecode.c.objc; path = "UIImageView+Bomb.m"; sourceTree = "<group>"; };
		FAA5EADA21379BC600FDACA5 /* UIButton+Position.h */ = {isa = PBXFileReference; lastKnownFileType = sourcecode.c.h; path = "UIButton+Position.h"; sourceTree = "<group>"; };
		FAA5EADB21379BC600FDACA5 /* UIButton+Position.m */ = {isa = PBXFileReference; lastKnownFileType = sourcecode.c.objc; path = "UIButton+Position.m"; sourceTree = "<group>"; };
		FAA5EADD21379F5E00FDACA5 /* UIButton+Category.h */ = {isa = PBXFileReference; lastKnownFileType = sourcecode.c.h; path = "UIButton+Category.h"; sourceTree = "<group>"; };
		FAA5EADE21379F5E00FDACA5 /* UIButton+Category.m */ = {isa = PBXFileReference; lastKnownFileType = sourcecode.c.objc; path = "UIButton+Category.m"; sourceTree = "<group>"; };
		FAA5EAE0213802BD00FDACA5 /* ColaBaseTableViewController.h */ = {isa = PBXFileReference; lastKnownFileType = sourcecode.c.h; path = ColaBaseTableViewController.h; sourceTree = "<group>"; };
		FAA5EAE1213802BD00FDACA5 /* ColaBaseTableViewController.m */ = {isa = PBXFileReference; lastKnownFileType = sourcecode.c.objc; path = ColaBaseTableViewController.m; sourceTree = "<group>"; };
		FAA5EAE3213802D300FDACA5 /* ColaBaseTableViewCell.h */ = {isa = PBXFileReference; lastKnownFileType = sourcecode.c.h; path = ColaBaseTableViewCell.h; sourceTree = "<group>"; };
		FAA5EAE4213802D300FDACA5 /* ColaBaseTableViewCell.m */ = {isa = PBXFileReference; lastKnownFileType = sourcecode.c.objc; path = ColaBaseTableViewCell.m; sourceTree = "<group>"; };
		FAB1A17521354D3F004F1A14 /* ColaMacros.h */ = {isa = PBXFileReference; lastKnownFileType = sourcecode.c.h; path = ColaMacros.h; sourceTree = "<group>"; };
		FAB1A17721354E02004F1A14 /* PrefixHeader.pch */ = {isa = PBXFileReference; lastKnownFileType = sourcecode.c.h; path = PrefixHeader.pch; sourceTree = "<group>"; };
		FAB1A17921354E7B004F1A14 /* ColaFiles.h */ = {isa = PBXFileReference; lastKnownFileType = sourcecode.c.h; path = ColaFiles.h; sourceTree = "<group>"; };
		FAB2890B215E23700040D3A5 /* ColaArrayViewController.h */ = {isa = PBXFileReference; lastKnownFileType = sourcecode.c.h; path = ColaArrayViewController.h; sourceTree = "<group>"; };
		FAB2890C215E23700040D3A5 /* ColaArrayViewController.m */ = {isa = PBXFileReference; lastKnownFileType = sourcecode.c.objc; path = ColaArrayViewController.m; sourceTree = "<group>"; };
		FAD2A5962138DDF30090EF1E /* ColaTableHeadRefresh.h */ = {isa = PBXFileReference; lastKnownFileType = sourcecode.c.h; path = ColaTableHeadRefresh.h; sourceTree = "<group>"; };
		FAD2A5972138DDF30090EF1E /* ColaTableHeadRefresh.m */ = {isa = PBXFileReference; lastKnownFileType = sourcecode.c.objc; path = ColaTableHeadRefresh.m; sourceTree = "<group>"; };
		FAD2A5992138DE070090EF1E /* ColaTableFootMore.h */ = {isa = PBXFileReference; lastKnownFileType = sourcecode.c.h; path = ColaTableFootMore.h; sourceTree = "<group>"; };
		FAD2A59A2138DE070090EF1E /* ColaTableFootMore.m */ = {isa = PBXFileReference; lastKnownFileType = sourcecode.c.objc; path = ColaTableFootMore.m; sourceTree = "<group>"; };
		FAD2A59C2138E46B0090EF1E /* UIView+Category.h */ = {isa = PBXFileReference; lastKnownFileType = sourcecode.c.h; path = "UIView+Category.h"; sourceTree = "<group>"; };
		FAD2A59D2138E46B0090EF1E /* UIView+Category.m */ = {isa = PBXFileReference; lastKnownFileType = sourcecode.c.objc; path = "UIView+Category.m"; sourceTree = "<group>"; };
		FAD2A5A72138EE390090EF1E /* ColaRefreshImages.bundle */ = {isa = PBXFileReference; lastKnownFileType = "wrapper.plug-in"; path = ColaRefreshImages.bundle; sourceTree = "<group>"; };
/* End PBXFileReference section */

/* Begin PBXFrameworksBuildPhase section */
		FA4E3F17212C11180033ABF8 /* Frameworks */ = {
			isa = PBXFrameworksBuildPhase;
			buildActionMask = 2147483647;
			files = (
				B944DB718FAEECB5AAA9750C /* libPods-ColaNotes.a in Frameworks */,
			);
			runOnlyForDeploymentPostprocessing = 0;
		};
/* End PBXFrameworksBuildPhase section */

/* Begin PBXGroup section */
		6EAC7A1044CEF940951EE268 /* Pods */ = {
			isa = PBXGroup;
			children = (
				5FD34AB24F82EB664CD29D4B /* Pods-ColaNotes.debug.xcconfig */,
				C91358272DA008B8884F3654 /* Pods-ColaNotes.release.xcconfig */,
			);
			name = Pods;
			sourceTree = "<group>";
		};
		A88EA392364ED54FB507A42E /* Frameworks */ = {
			isa = PBXGroup;
			children = (
				FA8B98E2214658960076E8F6 /* CoreNFC.framework */,
				333D995A4510F15D0929EC2C /* libPods-ColaNotes.a */,
			);
			name = Frameworks;
			sourceTree = "<group>";
		};
		FA10178321367F31006AC1D7 /* ColaCategory */ = {
			isa = PBXGroup;
			children = (
				FA10178421367FF2006AC1D7 /* UIImage+Category.h */,
				FA10178521367FF2006AC1D7 /* UIImage+Category.m */,
				FA10178721368941006AC1D7 /* UILabel+Category.h */,
				FA10178821368941006AC1D7 /* UILabel+Category.m */,
				FA10178A21368CD7006AC1D7 /* NSString+Category.h */,
				FA10178B21368CD7006AC1D7 /* NSString+Category.m */,
				FAA5EADD21379F5E00FDACA5 /* UIButton+Category.h */,
				FAA5EADE21379F5E00FDACA5 /* UIButton+Category.m */,
				FAA5EADA21379BC600FDACA5 /* UIButton+Position.h */,
				FAA5EADB21379BC600FDACA5 /* UIButton+Position.m */,
				FAD2A59C2138E46B0090EF1E /* UIView+Category.h */,
				FAD2A59D2138E46B0090EF1E /* UIView+Category.m */,
				FA9813C5213967FB000ACB87 /* UIImageView+Bomb.h */,
				FA9813C6213967FB000ACB87 /* UIImageView+Bomb.m */,
			);
			path = ColaCategory;
			sourceTree = "<group>";
		};
		FA45DD20213CE0A800BC0954 /* ColaSnow(下雪效果) */ = {
			isa = PBXGroup;
			children = (
				FA45DD21213CE0BE00BC0954 /* ColaSnowViewController.h */,
				FA45DD22213CE0BE00BC0954 /* ColaSnowViewController.m */,
				FA45DD24213CE3B000BC0954 /* ColaSnowView.h */,
				FA45DD25213CE3B000BC0954 /* ColaSnowView.m */,
			);
			path = "ColaSnow(下雪效果)";
			sourceTree = "<group>";
		};
		FA45DD2D213D15EE00BC0954 /* ColaAlbum(获取全部照片) */ = {
			isa = PBXGroup;
			children = (
				FA45DD2E213D160A00BC0954 /* ColaAlbumViewController.h */,
				FA45DD2F213D160A00BC0954 /* ColaAlbumViewController.m */,
			);
			path = "ColaAlbum(获取全部照片)";
			sourceTree = "<group>";
		};
		FA4E3F11212C11180033ABF8 = {
			isa = PBXGroup;
			children = (
				FA4E3F1C212C11180033ABF8 /* ColaNotes */,
				FA4E3F1B212C11180033ABF8 /* Products */,
				6EAC7A1044CEF940951EE268 /* Pods */,
				A88EA392364ED54FB507A42E /* Frameworks */,
			);
			sourceTree = "<group>";
		};
		FA4E3F1B212C11180033ABF8 /* Products */ = {
			isa = PBXGroup;
			children = (
				FA4E3F1A212C11180033ABF8 /* ColaNotes.app */,
			);
			name = Products;
			sourceTree = "<group>";
		};
		FA4E3F1C212C11180033ABF8 /* ColaNotes */ = {
			isa = PBXGroup;
			children = (
				FA8B98E12146587E0076E8F6 /* ColaNotes.entitlements */,
				FAB1A17421354D16004F1A14 /* ColaDefine */,
				FA4E3F2D212C157E0033ABF8 /* ColaBase */,
				FAB1A16F21354CF9004F1A14 /* Cola1st */,
				FAB1A17321354CFA004F1A14 /* Cola2nd */,
				FAB1A17021354CFA004F1A14 /* Cola3rd */,
				FAB1A17121354CFA004F1A14 /* Cola4ur */,
				FAB1A17221354CFA004F1A14 /* Cola5ve */,
				FA9813A6213924D6000ACB87 /* ColaTool */,
				FA9813A7213924D6000ACB87 /* ColaUIKit */,
				FA10178321367F31006AC1D7 /* ColaCategory */,
				FA4E3F3A212C15BD0033ABF8 /* ColaResources */,
			);
			path = ColaNotes;
			sourceTree = "<group>";
		};
		FA4E3F2D212C157E0033ABF8 /* ColaBase */ = {
			isa = PBXGroup;
			children = (
				FA4E3F2E212C157E0033ABF8 /* AppDelegate.h */,
				FA4E3F33212C157E0033ABF8 /* AppDelegate.m */,
				FA4E3F44212C17AF0033ABF8 /* ColaBaseViewController.h */,
				FA4E3F45212C17AF0033ABF8 /* ColaBaseViewController.m */,
				FA4E3F47212C17C60033ABF8 /* ColaNavBaseViewController.h */,
				FA4E3F48212C17C60033ABF8 /* ColaNavBaseViewController.m */,
				FA10178D21369947006AC1D7 /* ColaTabViewController.h */,
				FA10178E21369947006AC1D7 /* ColaTabViewController.m */,
				FAA5EAE0213802BD00FDACA5 /* ColaBaseTableViewController.h */,
				FAA5EAE1213802BD00FDACA5 /* ColaBaseTableViewController.m */,
				FAA5EAE3213802D300FDACA5 /* ColaBaseTableViewCell.h */,
				FAA5EAE4213802D300FDACA5 /* ColaBaseTableViewCell.m */,
				FAD2A5962138DDF30090EF1E /* ColaTableHeadRefresh.h */,
				FAD2A5972138DDF30090EF1E /* ColaTableHeadRefresh.m */,
				FAD2A5992138DE070090EF1E /* ColaTableFootMore.h */,
				FAD2A59A2138DE070090EF1E /* ColaTableFootMore.m */,
				FA9813A321391FE4000ACB87 /* ColaBaseModel.h */,
				FA9813A421391FE4000ACB87 /* ColaBaseModel.m */,
			);
			path = ColaBase;
			sourceTree = "<group>";
		};
		FA4E3F3A212C15BD0033ABF8 /* ColaResources */ = {
			isa = PBXGroup;
			children = (
				FA4E3F3B212C15BD0033ABF8 /* Assets.xcassets */,
				FA4E3F3E212C15BD0033ABF8 /* main.m */,
				FA4E3F3F212C15BD0033ABF8 /* Info.plist */,
				FAB1A17721354E02004F1A14 /* PrefixHeader.pch */,
				FAD2A5A72138EE390090EF1E /* ColaRefreshImages.bundle */,
				FA9813C021396135000ACB87 /* ColaBombImages.bundle */,
			);
			path = ColaResources;
			sourceTree = "<group>";
		};
		FA737953213E69F40029EEFC /* ColaAlert(自定义弹出框) */ = {
			isa = PBXGroup;
			children = (
				FA737954213E69F40029EEFC /* ColaAlert.h */,
				FA737955213E69F40029EEFC /* ColaAlert.m */,
			);
			path = "ColaAlert(自定义弹出框)";
			sourceTree = "<group>";
		};
		FA8B98E42146655B0076E8F6 /* ColaScan(扫一扫) */ = {
			isa = PBXGroup;
			children = (
				FA8B98E5214665650076E8F6 /* ColaScanViewController.h */,
				FA8B98E6214665650076E8F6 /* ColaScanViewController.m */,
				FA0449BA21476021009486A2 /* ColaScanView.h */,
				FA0449BB21476021009486A2 /* ColaScanView.m */,
			);
			path = "ColaScan(扫一扫)";
			sourceTree = "<group>";
		};
		FA9813A6213924D6000ACB87 /* ColaTool */ = {
			isa = PBXGroup;
			children = (
				FA9813AB21392680000ACB87 /* ColaDeviceConst.h */,
				FA9813A821392511000ACB87 /* ColaDeviceInfo.h */,
				FA9813A921392511000ACB87 /* ColaDeviceInfo.m */,
			);
			path = ColaTool;
			sourceTree = "<group>";
		};
		FA9813A7213924D6000ACB87 /* ColaUIKit */ = {
			isa = PBXGroup;
			children = (
				FA737953213E69F40029EEFC /* ColaAlert(自定义弹出框) */,
			);
			path = ColaUIKit;
			sourceTree = "<group>";
		};
		FA9813B2213940A6000ACB87 /* ColaDeviceInfos(获取设备信息) */ = {
			isa = PBXGroup;
			children = (
				FA9813B3213940BA000ACB87 /* ColaDeviceInfoViewController.h */,
				FA9813B4213940BA000ACB87 /* ColaDeviceInfoViewController.m */,
				FA9813B92139410E000ACB87 /* ColaDeviceInfoModel.h */,
				FA9813BA2139410E000ACB87 /* ColaDeviceInfoModel.m */,
				FA9813B6213940DA000ACB87 /* ColaDeviceInfoCell.h */,
				FA9813B7213940DA000ACB87 /* ColaDeviceInfoCell.m */,
			);
			path = "ColaDeviceInfos(获取设备信息)";
			sourceTree = "<group>";
		};
		FA9813BC2139593C000ACB87 /* ColaClickBomb(炸开特效) */ = {
			isa = PBXGroup;
			children = (
				FA9813BD2139594D000ACB87 /* ColaBombViewController.h */,
				FA9813BE2139594D000ACB87 /* ColaBombViewController.m */,
				FA9813C221396256000ACB87 /* ColaBombImageView.h */,
				FA9813C321396256000ACB87 /* ColaBombImageView.m */,
			);
			path = "ColaClickBomb(炸开特效)";
			sourceTree = "<group>";
		};
		FAB1A16F21354CF9004F1A14 /* Cola1st */ = {
			isa = PBXGroup;
			children = (
				FAB2890A215E235E0040D3A5 /* ColaArray(数组遍历) */,
				FA8B98E42146655B0076E8F6 /* ColaScan(扫一扫) */,
				FA10177121364516006AC1D7 /* Cola1stViewController.h */,
				FA10177221364516006AC1D7 /* Cola1stViewController.m */,
				FA8B98DA214646DC0076E8F6 /* Cola1stCell.h */,
				FA8B98DB214646DC0076E8F6 /* Cola1stCell.m */,
			);
			path = Cola1st;
			sourceTree = "<group>";
		};
		FAB1A17021354CFA004F1A14 /* Cola3rd */ = {
			isa = PBXGroup;
			children = (
				FA1017772136452D006AC1D7 /* Cola3rdViewController.h */,
				FA1017782136452D006AC1D7 /* Cola3rdViewController.m */,
			);
			path = Cola3rd;
			sourceTree = "<group>";
		};
		FAB1A17121354CFA004F1A14 /* Cola4ur */ = {
			isa = PBXGroup;
			children = (
				FA45DD2D213D15EE00BC0954 /* ColaAlbum(获取全部照片) */,
				FA10177A21364538006AC1D7 /* Cola4urViewController.h */,
				FA10177B21364538006AC1D7 /* Cola4urViewController.m */,
				FA45DD27213CE88900BC0954 /* Cola4urModel.h */,
				FA45DD28213CE88900BC0954 /* Cola4urModel.m */,
				FA45DD2A213D0C7500BC0954 /* Cola4urCell.h */,
				FA45DD2B213D0C7500BC0954 /* Cola4urCell.m */,
			);
			path = Cola4ur;
			sourceTree = "<group>";
		};
		FAB1A17221354CFA004F1A14 /* Cola5ve */ = {
			isa = PBXGroup;
			children = (
				FA45DD20213CE0A800BC0954 /* ColaSnow(下雪效果) */,
				FA9813BC2139593C000ACB87 /* ColaClickBomb(炸开特效) */,
				FA9813B2213940A6000ACB87 /* ColaDeviceInfos(获取设备信息) */,
				FA10177D21364543006AC1D7 /* Cola5veViewController.h */,
				FA10177E21364543006AC1D7 /* Cola5veViewController.m */,
				FA9813AF21393AA1000ACB87 /* Cola5veModel.h */,
				FA9813B021393AA1000ACB87 /* Cola5veModel.m */,
				FA9813AC213939E4000ACB87 /* Cola5veCell.h */,
				FA9813AD213939E4000ACB87 /* Cola5veCell.m */,
			);
			path = Cola5ve;
			sourceTree = "<group>";
		};
		FAB1A17321354CFA004F1A14 /* Cola2nd */ = {
			isa = PBXGroup;
			children = (
				FA10177421364521006AC1D7 /* Cola2ndViewController.h */,
				FA10177521364521006AC1D7 /* Cola2ndViewController.m */,
			);
			path = Cola2nd;
			sourceTree = "<group>";
		};
		FAB1A17421354D16004F1A14 /* ColaDefine */ = {
			isa = PBXGroup;
			children = (
				FAB1A17521354D3F004F1A14 /* ColaMacros.h */,
				FAB1A17921354E7B004F1A14 /* ColaFiles.h */,
				FA10178021366E1E006AC1D7 /* ColaBaseConfig.h */,
			);
			path = ColaDefine;
			sourceTree = "<group>";
		};
		FAB2890A215E235E0040D3A5 /* ColaArray(数组遍历) */ = {
			isa = PBXGroup;
			children = (
				FAB2890B215E23700040D3A5 /* ColaArrayViewController.h */,
				FAB2890C215E23700040D3A5 /* ColaArrayViewController.m */,
			);
			path = "ColaArray(数组遍历)";
			sourceTree = "<group>";
		};
/* End PBXGroup section */

/* Begin PBXNativeTarget section */
		FA4E3F19212C11180033ABF8 /* ColaNotes */ = {
			isa = PBXNativeTarget;
			buildConfigurationList = FA4E3F2A212C11190033ABF8 /* Build configuration list for PBXNativeTarget "ColaNotes" */;
			buildPhases = (
				02A783E79A8866CF2ACACA4F /* [CP] Check Pods Manifest.lock */,
				FA4E3F16212C11180033ABF8 /* Sources */,
				FA4E3F17212C11180033ABF8 /* Frameworks */,
				FA4E3F18212C11180033ABF8 /* Resources */,
				0314125F133116105BA11516 /* [CP] Copy Pods Resources */,
			);
			buildRules = (
			);
			dependencies = (
			);
			name = ColaNotes;
			productName = ColaNotes;
			productReference = FA4E3F1A212C11180033ABF8 /* ColaNotes.app */;
			productType = "com.apple.product-type.application";
		};
/* End PBXNativeTarget section */

/* Begin PBXProject section */
		FA4E3F12212C11180033ABF8 /* Project object */ = {
			isa = PBXProject;
			attributes = {
				LastUpgradeCheck = 0940;
				ORGANIZATIONNAME = "可乐超";
				TargetAttributes = {
					FA4E3F19212C11180033ABF8 = {
						CreatedOnToolsVersion = 9.4.1;
						SystemCapabilities = {
							com.apple.NearFieldCommunicationTagReading = {
								enabled = 0;
							};
						};
					};
				};
			};
			buildConfigurationList = FA4E3F15212C11180033ABF8 /* Build configuration list for PBXProject "ColaNotes" */;
			compatibilityVersion = "Xcode 9.3";
			developmentRegion = en;
			hasScannedForEncodings = 0;
			knownRegions = (
				en,
				Base,
			);
			mainGroup = FA4E3F11212C11180033ABF8;
			productRefGroup = FA4E3F1B212C11180033ABF8 /* Products */;
			projectDirPath = "";
			projectRoot = "";
			targets = (
				FA4E3F19212C11180033ABF8 /* ColaNotes */,
			);
		};
/* End PBXProject section */

/* Begin PBXResourcesBuildPhase section */
		FA4E3F18212C11180033ABF8 /* Resources */ = {
			isa = PBXResourcesBuildPhase;
			buildActionMask = 2147483647;
			files = (
				FAD2A5A82138EE390090EF1E /* ColaRefreshImages.bundle in Resources */,
				FA4E3F40212C15BD0033ABF8 /* Assets.xcassets in Resources */,
				FA9813C121396135000ACB87 /* ColaBombImages.bundle in Resources */,
			);
			runOnlyForDeploymentPostprocessing = 0;
		};
/* End PBXResourcesBuildPhase section */

/* Begin PBXShellScriptBuildPhase section */
		02A783E79A8866CF2ACACA4F /* [CP] Check Pods Manifest.lock */ = {
			isa = PBXShellScriptBuildPhase;
			buildActionMask = 2147483647;
			files = (
			);
			inputPaths = (
				"${PODS_PODFILE_DIR_PATH}/Podfile.lock",
				"${PODS_ROOT}/Manifest.lock",
			);
			name = "[CP] Check Pods Manifest.lock";
			outputPaths = (
				"$(DERIVED_FILE_DIR)/Pods-ColaNotes-checkManifestLockResult.txt",
			);
			runOnlyForDeploymentPostprocessing = 0;
			shellPath = /bin/sh;
			shellScript = "diff \"${PODS_PODFILE_DIR_PATH}/Podfile.lock\" \"${PODS_ROOT}/Manifest.lock\" > /dev/null\nif [ $? != 0 ] ; then\n    # print error to STDERR\n    echo \"error: The sandbox is not in sync with the Podfile.lock. Run 'pod install' or update your CocoaPods installation.\" >&2\n    exit 1\nfi\n# This output is used by Xcode 'outputs' to avoid re-running this script phase.\necho \"SUCCESS\" > \"${SCRIPT_OUTPUT_FILE_0}\"\n";
			showEnvVarsInLog = 0;
		};
		0314125F133116105BA11516 /* [CP] Copy Pods Resources */ = {
			isa = PBXShellScriptBuildPhase;
			buildActionMask = 2147483647;
			files = (
			);
			inputPaths = (
				"${SRCROOT}/Pods/Target Support Files/Pods-ColaNotes/Pods-ColaNotes-resources.sh",
				"${PODS_ROOT}/MJRefresh/MJRefresh/MJRefresh.bundle",
			);
			name = "[CP] Copy Pods Resources";
			outputPaths = (
				"${TARGET_BUILD_DIR}/${UNLOCALIZED_RESOURCES_FOLDER_PATH}/MJRefresh.bundle",
			);
			runOnlyForDeploymentPostprocessing = 0;
			shellPath = /bin/sh;
			shellScript = "\"${SRCROOT}/Pods/Target Support Files/Pods-ColaNotes/Pods-ColaNotes-resources.sh\"\n";
			showEnvVarsInLog = 0;
		};
/* End PBXShellScriptBuildPhase section */

/* Begin PBXSourcesBuildPhase section */
		FA4E3F16212C11180033ABF8 /* Sources */ = {
			isa = PBXSourcesBuildPhase;
			buildActionMask = 2147483647;
			files = (
				FA0449BC21476021009486A2 /* ColaScanView.m in Sources */,
				FA1017792136452D006AC1D7 /* Cola3rdViewController.m in Sources */,
				FA9813B121393AA1000ACB87 /* Cola5veModel.m in Sources */,
				FAD2A5982138DDF30090EF1E /* ColaTableHeadRefresh.m in Sources */,
				FA4E3F49212C17C60033ABF8 /* ColaNavBaseViewController.m in Sources */,
				FA4E3F46212C17AF0033ABF8 /* ColaBaseViewController.m in Sources */,
				FA10177F21364543006AC1D7 /* Cola5veViewController.m in Sources */,
				FA10177621364521006AC1D7 /* Cola2ndViewController.m in Sources */,
				FA9813AA21392511000ACB87 /* ColaDeviceInfo.m in Sources */,
				FA10178C21368CD7006AC1D7 /* NSString+Category.m in Sources */,
				FA737956213E69F40029EEFC /* ColaAlert.m in Sources */,
				FA9813BF2139594D000ACB87 /* ColaBombViewController.m in Sources */,
				FA45DD26213CE3B000BC0954 /* ColaSnowView.m in Sources */,
				FA9813A521391FE4000ACB87 /* ColaBaseModel.m in Sources */,
				FAA5EADC21379BC600FDACA5 /* UIButton+Position.m in Sources */,
				FA4E3F42212C15BD0033ABF8 /* main.m in Sources */,
				FA45DD23213CE0BE00BC0954 /* ColaSnowViewController.m in Sources */,
				FA9813B5213940BA000ACB87 /* ColaDeviceInfoViewController.m in Sources */,
				FA45DD30213D160A00BC0954 /* ColaAlbumViewController.m in Sources */,
				FA8B98E7214665650076E8F6 /* ColaScanViewController.m in Sources */,
				FA9813C7213967FB000ACB87 /* UIImageView+Bomb.m in Sources */,
				FA45DD29213CE88900BC0954 /* Cola4urModel.m in Sources */,
				FAD2A59B2138DE070090EF1E /* ColaTableFootMore.m in Sources */,
				FA10177C21364538006AC1D7 /* Cola4urViewController.m in Sources */,
				FAA5EAE5213802D300FDACA5 /* ColaBaseTableViewCell.m in Sources */,
				FA8B98DC214646DC0076E8F6 /* Cola1stCell.m in Sources */,
				FAA5EAE2213802BE00FDACA5 /* ColaBaseTableViewController.m in Sources */,
				FAA5EADF21379F5E00FDACA5 /* UIButton+Category.m in Sources */,
				FA9813B8213940DA000ACB87 /* ColaDeviceInfoCell.m in Sources */,
				FA9813BB2139410E000ACB87 /* ColaDeviceInfoModel.m in Sources */,
				FA10178F21369947006AC1D7 /* ColaTabViewController.m in Sources */,
				FA10177321364516006AC1D7 /* Cola1stViewController.m in Sources */,
				FA10178921368941006AC1D7 /* UILabel+Category.m in Sources */,
				FA9813AE213939E4000ACB87 /* Cola5veCell.m in Sources */,
				FA4E3F38212C157E0033ABF8 /* AppDelegate.m in Sources */,
				FA45DD2C213D0C7500BC0954 /* Cola4urCell.m in Sources */,
				FAB2890D215E23700040D3A5 /* ColaArrayViewController.m in Sources */,
				FAD2A59E2138E46B0090EF1E /* UIView+Category.m in Sources */,
				FA10178621367FF2006AC1D7 /* UIImage+Category.m in Sources */,
				FA9813C421396256000ACB87 /* ColaBombImageView.m in Sources */,
			);
			runOnlyForDeploymentPostprocessing = 0;
		};
/* End PBXSourcesBuildPhase section */

/* Begin XCBuildConfiguration section */
		FA4E3F28212C11190033ABF8 /* Debug */ = {
			isa = XCBuildConfiguration;
			buildSettings = {
				ALWAYS_SEARCH_USER_PATHS = NO;
				CLANG_ANALYZER_NONNULL = YES;
				CLANG_ANALYZER_NUMBER_OBJECT_CONVERSION = YES_AGGRESSIVE;
				CLANG_CXX_LANGUAGE_STANDARD = "gnu++14";
				CLANG_CXX_LIBRARY = "libc++";
				CLANG_ENABLE_MODULES = YES;
				CLANG_ENABLE_OBJC_ARC = YES;
				CLANG_ENABLE_OBJC_WEAK = YES;
				CLANG_WARN_BLOCK_CAPTURE_AUTORELEASING = YES;
				CLANG_WARN_BOOL_CONVERSION = YES;
				CLANG_WARN_COMMA = YES;
				CLANG_WARN_CONSTANT_CONVERSION = YES;
				CLANG_WARN_DEPRECATED_OBJC_IMPLEMENTATIONS = YES;
				CLANG_WARN_DIRECT_OBJC_ISA_USAGE = YES_ERROR;
				CLANG_WARN_DOCUMENTATION_COMMENTS = YES;
				CLANG_WARN_EMPTY_BODY = YES;
				CLANG_WARN_ENUM_CONVERSION = YES;
				CLANG_WARN_INFINITE_RECURSION = YES;
				CLANG_WARN_INT_CONVERSION = YES;
				CLANG_WARN_NON_LITERAL_NULL_CONVERSION = YES;
				CLANG_WARN_OBJC_IMPLICIT_RETAIN_SELF = YES;
				CLANG_WARN_OBJC_LITERAL_CONVERSION = YES;
				CLANG_WARN_OBJC_ROOT_CLASS = YES_ERROR;
				CLANG_WARN_RANGE_LOOP_ANALYSIS = YES;
				CLANG_WARN_STRICT_PROTOTYPES = YES;
				CLANG_WARN_SUSPICIOUS_MOVE = YES;
				CLANG_WARN_UNGUARDED_AVAILABILITY = YES_AGGRESSIVE;
				CLANG_WARN_UNREACHABLE_CODE = YES;
				CLANG_WARN__DUPLICATE_METHOD_MATCH = YES;
				CODE_SIGN_IDENTITY = "iPhone Developer";
				COPY_PHASE_STRIP = NO;
				DEBUG_INFORMATION_FORMAT = dwarf;
				ENABLE_STRICT_OBJC_MSGSEND = YES;
				ENABLE_TESTABILITY = YES;
				GCC_C_LANGUAGE_STANDARD = gnu11;
				GCC_DYNAMIC_NO_PIC = NO;
				GCC_NO_COMMON_BLOCKS = YES;
				GCC_OPTIMIZATION_LEVEL = 0;
				GCC_PREPROCESSOR_DEFINITIONS = (
					"DEBUG=1",
					"$(inherited)",
				);
				GCC_WARN_64_TO_32_BIT_CONVERSION = YES;
				GCC_WARN_ABOUT_RETURN_TYPE = YES_ERROR;
				GCC_WARN_UNDECLARED_SELECTOR = YES;
				GCC_WARN_UNINITIALIZED_AUTOS = YES_AGGRESSIVE;
				GCC_WARN_UNUSED_FUNCTION = YES;
				GCC_WARN_UNUSED_VARIABLE = YES;
				IPHONEOS_DEPLOYMENT_TARGET = 11.0;
				MTL_ENABLE_DEBUG_INFO = YES;
				ONLY_ACTIVE_ARCH = YES;
				SDKROOT = iphoneos;
			};
			name = Debug;
		};
		FA4E3F29212C11190033ABF8 /* Release */ = {
			isa = XCBuildConfiguration;
			buildSettings = {
				ALWAYS_SEARCH_USER_PATHS = NO;
				CLANG_ANALYZER_NONNULL = YES;
				CLANG_ANALYZER_NUMBER_OBJECT_CONVERSION = YES_AGGRESSIVE;
				CLANG_CXX_LANGUAGE_STANDARD = "gnu++14";
				CLANG_CXX_LIBRARY = "libc++";
				CLANG_ENABLE_MODULES = YES;
				CLANG_ENABLE_OBJC_ARC = YES;
				CLANG_ENABLE_OBJC_WEAK = YES;
				CLANG_WARN_BLOCK_CAPTURE_AUTORELEASING = YES;
				CLANG_WARN_BOOL_CONVERSION = YES;
				CLANG_WARN_COMMA = YES;
				CLANG_WARN_CONSTANT_CONVERSION = YES;
				CLANG_WARN_DEPRECATED_OBJC_IMPLEMENTATIONS = YES;
				CLANG_WARN_DIRECT_OBJC_ISA_USAGE = YES_ERROR;
				CLANG_WARN_DOCUMENTATION_COMMENTS = YES;
				CLANG_WARN_EMPTY_BODY = YES;
				CLANG_WARN_ENUM_CONVERSION = YES;
				CLANG_WARN_INFINITE_RECURSION = YES;
				CLANG_WARN_INT_CONVERSION = YES;
				CLANG_WARN_NON_LITERAL_NULL_CONVERSION = YES;
				CLANG_WARN_OBJC_IMPLICIT_RETAIN_SELF = YES;
				CLANG_WARN_OBJC_LITERAL_CONVERSION = YES;
				CLANG_WARN_OBJC_ROOT_CLASS = YES_ERROR;
				CLANG_WARN_RANGE_LOOP_ANALYSIS = YES;
				CLANG_WARN_STRICT_PROTOTYPES = YES;
				CLANG_WARN_SUSPICIOUS_MOVE = YES;
				CLANG_WARN_UNGUARDED_AVAILABILITY = YES_AGGRESSIVE;
				CLANG_WARN_UNREACHABLE_CODE = YES;
				CLANG_WARN__DUPLICATE_METHOD_MATCH = YES;
				CODE_SIGN_IDENTITY = "iPhone Developer";
				COPY_PHASE_STRIP = NO;
				DEBUG_INFORMATION_FORMAT = "dwarf-with-dsym";
				ENABLE_NS_ASSERTIONS = NO;
				ENABLE_STRICT_OBJC_MSGSEND = YES;
				GCC_C_LANGUAGE_STANDARD = gnu11;
				GCC_NO_COMMON_BLOCKS = YES;
				GCC_WARN_64_TO_32_BIT_CONVERSION = YES;
				GCC_WARN_ABOUT_RETURN_TYPE = YES_ERROR;
				GCC_WARN_UNDECLARED_SELECTOR = YES;
				GCC_WARN_UNINITIALIZED_AUTOS = YES_AGGRESSIVE;
				GCC_WARN_UNUSED_FUNCTION = YES;
				GCC_WARN_UNUSED_VARIABLE = YES;
				IPHONEOS_DEPLOYMENT_TARGET = 11.0;
				MTL_ENABLE_DEBUG_INFO = NO;
				SDKROOT = iphoneos;
				VALIDATE_PRODUCT = YES;
			};
			name = Release;
		};
		FA4E3F2B212C11190033ABF8 /* Debug */ = {
			isa = XCBuildConfiguration;
			baseConfigurationReference = 5FD34AB24F82EB664CD29D4B /* Pods-ColaNotes.debug.xcconfig */;
			buildSettings = {
				ASSETCATALOG_COMPILER_APPICON_NAME = AppIcon;
				ASSETCATALOG_COMPILER_LAUNCHIMAGE_NAME = LaunchImage;
				CODE_SIGN_IDENTITY = "iPhone Developer";
				CODE_SIGN_STYLE = Automatic;
				DEVELOPMENT_TEAM = GU9P26LFAV;
				GCC_PREFIX_HEADER = "$(SRCROOT)/ColaNotes/ColaResources/PrefixHeader.pch";
				INFOPLIST_FILE = "$(SRCROOT)/ColaNotes/ColaResources/Info.plist";
				IPHONEOS_DEPLOYMENT_TARGET = 11.0;
				LD_RUNPATH_SEARCH_PATHS = (
					"$(inherited)",
					"@executable_path/Frameworks",
				);
				PRODUCT_BUNDLE_IDENTIFIER = com.nfctest.hot;
				PRODUCT_NAME = "$(TARGET_NAME)";
				PROVISIONING_PROFILE_SPECIFIER = "";
				TARGETED_DEVICE_FAMILY = 1;
			};
			name = Debug;
		};
		FA4E3F2C212C11190033ABF8 /* Release */ = {
			isa = XCBuildConfiguration;
			baseConfigurationReference = C91358272DA008B8884F3654 /* Pods-ColaNotes.release.xcconfig */;
			buildSettings = {
				ASSETCATALOG_COMPILER_APPICON_NAME = AppIcon;
				ASSETCATALOG_COMPILER_LAUNCHIMAGE_NAME = LaunchImage;
				CODE_SIGN_IDENTITY = "iPhone Developer";
				CODE_SIGN_STYLE = Automatic;
				DEVELOPMENT_TEAM = GU9P26LFAV;
				GCC_PREFIX_HEADER = "$(SRCROOT)/ColaNotes/ColaResources/PrefixHeader.pch";
				INFOPLIST_FILE = "$(SRCROOT)/ColaNotes/ColaResources/Info.plist";
				IPHONEOS_DEPLOYMENT_TARGET = 11.0;
				LD_RUNPATH_SEARCH_PATHS = (
					"$(inherited)",
					"@executable_path/Frameworks",
				);
				PRODUCT_BUNDLE_IDENTIFIER = com.nfctest.hot;
				PRODUCT_NAME = "$(TARGET_NAME)";
				PROVISIONING_PROFILE_SPECIFIER = "";
				TARGETED_DEVICE_FAMILY = 1;
			};
			name = Release;
		};
/* End XCBuildConfiguration section */

/* Begin XCConfigurationList section */
		FA4E3F15212C11180033ABF8 /* Build configuration list for PBXProject "ColaNotes" */ = {
			isa = XCConfigurationList;
			buildConfigurations = (
				FA4E3F28212C11190033ABF8 /* Debug */,
				FA4E3F29212C11190033ABF8 /* Release */,
			);
			defaultConfigurationIsVisible = 0;
			defaultConfigurationName = Release;
		};
		FA4E3F2A212C11190033ABF8 /* Build configuration list for PBXNativeTarget "ColaNotes" */ = {
			isa = XCConfigurationList;
			buildConfigurations = (
				FA4E3F2B212C11190033ABF8 /* Debug */,
				FA4E3F2C212C11190033ABF8 /* Release */,
			);
			defaultConfigurationIsVisible = 0;
			defaultConfigurationName = Release;
		};
/* End XCConfigurationList section */
	};
	rootObject = FA4E3F12212C11180033ABF8 /* Project object */;
}
